
Microsoft Visual Studio Solution File, Format Version 12.00
# Visual Studio Version 16
VisualStudioVersion = 16.0.31105.61
MinimumVisualStudioVersion = 15.0.26124.0
Project("{2150E333-8FDC-42A3-9474-1A3956D46DE8}") = "src", "src", "{03BC615C-001A-44E7-88C4-BF3A9EA3DF0E}"
EndProject
Project("{9A19103F-16F7-4668-BE54-9A1E7A4F7556}") = "Application", "src\Application\Application.csproj", "{00DD8759-5C87-4EB4-9EAD-64CBB0861693}"
EndProject
Project("{9A19103F-16F7-4668-BE54-9A1E7A4F7556}") = "Infrastructure", "src\Infrastructure\Infrastructure.csproj", "{25D4DFA2-492F-410C-B2C0-7B44E66A2744}"
EndProject
Project("{9A19103F-16F7-4668-BE54-9A1E7A4F7556}") = "Domain", "src\Domain\Domain.csproj", "{163899EE-DE92-4FA9-BBB7-46C1AE5154E3}"
EndProject
Project("{2150E333-8FDC-42A3-9474-1A3956D46DE8}") = "tests", "tests", "{C58FE823-65B0-498F-9F40-8685BAA85152}"
EndProject
Project("{9A19103F-16F7-4668-BE54-9A1E7A4F7556}") = "Application.UnitTests", "tests\Application.UnitTests\Application.UnitTests.csproj", "{AB4D16D5-469A-4D79-859B-2117AC917577}"
EndProject
Project("{9A19103F-16F7-4668-BE54-9A1E7A4F7556}") = "Domain.UnitTests", "tests\Domain.UnitTests\Domain.UnitTests.csproj", "{F20CFB95-1FC1-4679-89E5-F99E8B42A10B}"
EndProject
Project("{2150E333-8FDC-42A3-9474-1A3956D46DE8}") = "docs", "docs", "{2E65ED00-55F7-460D-B0FB-9B036847B341}"
	ProjectSection(SolutionItems) = preProject
		docs\GaurdClausesUsage.md = docs\GaurdClausesUsage.md
		docs\RunnigSQLServerOnLinuxDocker.md = docs\RunnigSQLServerOnLinuxDocker.md
		docs\todo.list.md = docs\todo.list.md
	EndProjectSection
EndProject
Project("{9A19103F-16F7-4668-BE54-9A1E7A4F7556}") = "Web.API", "src\Web.API\Web.API.csproj", "{83C1B6EB-0C9F-4B45-AB40-9C2807C45CEC}"
EndProject
Project("{9A19103F-16F7-4668-BE54-9A1E7A4F7556}") = "Application.IntegrationTests", "tests\Application.IntegrationTests\Application.IntegrationTests.csproj", "{F8B663DE-E7A6-4E85-B058-208D699F69E6}"
EndProject
Global
	GlobalSection(SolutionConfigurationPlatforms) = preSolution
		Debug|Any CPU = Debug|Any CPU
		Debug|x64 = Debug|x64
		Debug|x86 = Debug|x86
		Release|Any CPU = Release|Any CPU
		Release|x64 = Release|x64
		Release|x86 = Release|x86
	EndGlobalSection
	GlobalSection(ProjectConfigurationPlatforms) = postSolution
		{00DD8759-5C87-4EB4-9EAD-64CBB0861693}.Debug|Any CPU.ActiveCfg = Debug|Any CPU
		{00DD8759-5C87-4EB4-9EAD-64CBB0861693}.Debug|Any CPU.Build.0 = Debug|Any CPU
		{00DD8759-5C87-4EB4-9EAD-64CBB0861693}.Debug|x64.ActiveCfg = Debug|Any CPU
		{00DD8759-5C87-4EB4-9EAD-64CBB0861693}.Debug|x64.Build.0 = Debug|Any CPU
		{00DD8759-5C87-4EB4-9EAD-64CBB0861693}.Debug|x86.ActiveCfg = Debug|Any CPU
		{00DD8759-5C87-4EB4-9EAD-64CBB0861693}.Debug|x86.Build.0 = Debug|Any CPU
		{00DD8759-5C87-4EB4-9EAD-64CBB0861693}.Release|Any CPU.ActiveCfg = Release|Any CPU
		{00DD8759-5C87-4EB4-9EAD-64CBB0861693}.Release|Any CPU.Build.0 = Release|Any CPU
		{00DD8759-5C87-4EB4-9EAD-64CBB0861693}.Release|x64.ActiveCfg = Release|Any CPU
		{00DD8759-5C87-4EB4-9EAD-64CBB0861693}.Release|x64.Build.0 = Release|Any CPU
		{00DD8759-5C87-4EB4-9EAD-64CBB0861693}.Release|x86.ActiveCfg = Release|Any CPU
		{00DD8759-5C87-4EB4-9EAD-64CBB0861693}.Release|x86.Build.0 = Release|Any CPU
		{25D4DFA2-492F-410C-B2C0-7B44E66A2744}.Debug|Any CPU.ActiveCfg = Debug|Any CPU
		{25D4DFA2-492F-410C-B2C0-7B44E66A2744}.Debug|Any CPU.Build.0 = Debug|Any CPU
		{25D4DFA2-492F-410C-B2C0-7B44E66A2744}.Debug|x64.ActiveCfg = Debug|Any CPU
		{25D4DFA2-492F-410C-B2C0-7B44E66A2744}.Debug|x64.Build.0 = Debug|Any CPU
		{25D4DFA2-492F-410C-B2C0-7B44E66A2744}.Debug|x86.ActiveCfg = Debug|Any CPU
		{25D4DFA2-492F-410C-B2C0-7B44E66A2744}.Debug|x86.Build.0 = Debug|Any CPU
		{25D4DFA2-492F-410C-B2C0-7B44E66A2744}.Release|Any CPU.ActiveCfg = Release|Any CPU
		{25D4DFA2-492F-410C-B2C0-7B44E66A2744}.Release|Any CPU.Build.0 = Release|Any CPU
		{25D4DFA2-492F-410C-B2C0-7B44E66A2744}.Release|x64.ActiveCfg = Release|Any CPU
		{25D4DFA2-492F-410C-B2C0-7B44E66A2744}.Release|x64.Build.0 = Release|Any CPU
		{25D4DFA2-492F-410C-B2C0-7B44E66A2744}.Release|x86.ActiveCfg = Release|Any CPU
		{25D4DFA2-492F-410C-B2C0-7B44E66A2744}.Release|x86.Build.0 = Release|Any CPU
		{163899EE-DE92-4FA9-BBB7-46C1AE5154E3}.Debug|Any CPU.ActiveCfg = Debug|Any CPU
		{163899EE-DE92-4FA9-BBB7-46C1AE5154E3}.Debug|Any CPU.Build.0 = Debug|Any CPU
		{163899EE-DE92-4FA9-BBB7-46C1AE5154E3}.Debug|x64.ActiveCfg = Debug|Any CPU
		{163899EE-DE92-4FA9-BBB7-46C1AE5154E3}.Debug|x64.Build.0 = Debug|Any CPU
		{163899EE-DE92-4FA9-BBB7-46C1AE5154E3}.Debug|x86.ActiveCfg = Debug|Any CPU
		{163899EE-DE92-4FA9-BBB7-46C1AE5154E3}.Debug|x86.Build.0 = Debug|Any CPU
		{163899EE-DE92-4FA9-BBB7-46C1AE5154E3}.Release|Any CPU.ActiveCfg = Release|Any CPU
		{163899EE-DE92-4FA9-BBB7-46C1AE5154E3}.Release|Any CPU.Build.0 = Release|Any CPU
		{163899EE-DE92-4FA9-BBB7-46C1AE5154E3}.Release|x64.ActiveCfg = Release|Any CPU
		{163899EE-DE92-4FA9-BBB7-46C1AE5154E3}.Release|x64.Build.0 = Release|Any CPU
		{163899EE-DE92-4FA9-BBB7-46C1AE5154E3}.Release|x86.ActiveCfg = Release|Any CPU
		{163899EE-DE92-4FA9-BBB7-46C1AE5154E3}.Release|x86.Build.0 = Release|Any CPU
		{AB4D16D5-469A-4D79-859B-2117AC917577}.Debug|Any CPU.ActiveCfg = Debug|Any CPU
		{AB4D16D5-469A-4D79-859B-2117AC917577}.Debug|Any CPU.Build.0 = Debug|Any CPU
		{AB4D16D5-469A-4D79-859B-2117AC917577}.Debug|x64.ActiveCfg = Debug|Any CPU
		{AB4D16D5-469A-4D79-859B-2117AC917577}.Debug|x64.Build.0 = Debug|Any CPU
		{AB4D16D5-469A-4D79-859B-2117AC917577}.Debug|x86.ActiveCfg = Debug|Any CPU
		{AB4D16D5-469A-4D79-859B-2117AC917577}.Debug|x86.Build.0 = Debug|Any CPU
		{AB4D16D5-469A-4D79-859B-2117AC917577}.Release|Any CPU.ActiveCfg = Release|Any CPU
		{AB4D16D5-469A-4D79-859B-2117AC917577}.Release|Any CPU.Build.0 = Release|Any CPU
		{AB4D16D5-469A-4D79-859B-2117AC917577}.Release|x64.ActiveCfg = Release|Any CPU
		{AB4D16D5-469A-4D79-859B-2117AC917577}.Release|x64.Build.0 = Release|Any CPU
		{AB4D16D5-469A-4D79-859B-2117AC917577}.Release|x86.ActiveCfg = Release|Any CPU
		{AB4D16D5-469A-4D79-859B-2117AC917577}.Release|x86.Build.0 = Release|Any CPU
		{F20CFB95-1FC1-4679-89E5-F99E8B42A10B}.Debug|Any CPU.ActiveCfg = Debug|Any CPU
		{F20CFB95-1FC1-4679-89E5-F99E8B42A10B}.Debug|Any CPU.Build.0 = Debug|Any CPU
		{F20CFB95-1FC1-4679-89E5-F99E8B42A10B}.Debug|x64.ActiveCfg = Debug|Any CPU
		{F20CFB95-1FC1-4679-89E5-F99E8B42A10B}.Debug|x64.Build.0 = Debug|Any CPU
		{F20CFB95-1FC1-4679-89E5-F99E8B42A10B}.Debug|x86.ActiveCfg = Debug|Any CPU
		{F20CFB95-1FC1-4679-89E5-F99E8B42A10B}.Debug|x86.Build.0 = Debug|Any CPU
		{F20CFB95-1FC1-4679-89E5-F99E8B42A10B}.Release|Any CPU.ActiveCfg = Release|Any CPU
		{F20CFB95-1FC1-4679-89E5-F99E8B42A10B}.Release|Any CPU.Build.0 = Release|Any CPU
		{F20CFB95-1FC1-4679-89E5-F99E8B42A10B}.Release|x64.ActiveCfg = Release|Any CPU
		{F20CFB95-1FC1-4679-89E5-F99E8B42A10B}.Release|x64.Build.0 = Release|Any CPU
		{F20CFB95-1FC1-4679-89E5-F99E8B42A10B}.Release|x86.ActiveCfg = Release|Any CPU
		{F20CFB95-1FC1-4679-89E5-F99E8B42A10B}.Release|x86.Build.0 = Release|Any CPU
		{83C1B6EB-0C9F-4B45-AB40-9C2807C45CEC}.Debug|Any CPU.ActiveCfg = Debug|Any CPU
		{83C1B6EB-0C9F-4B45-AB40-9C2807C45CEC}.Debug|Any CPU.Build.0 = Debug|Any CPU
		{83C1B6EB-0C9F-4B45-AB40-9C2807C45CEC}.Debug|x64.ActiveCfg = Debug|Any CPU
		{83C1B6EB-0C9F-4B45-AB40-9C2807C45CEC}.Debug|x64.Build.0 = Debug|Any CPU
		{83C1B6EB-0C9F-4B45-AB40-9C2807C45CEC}.Debug|x86.ActiveCfg = Debug|Any CPU
		{83C1B6EB-0C9F-4B45-AB40-9C2807C45CEC}.Debug|x86.Build.0 = Debug|Any CPU
		{83C1B6EB-0C9F-4B45-AB40-9C2807C45CEC}.Release|Any CPU.ActiveCfg = Release|Any CPU
		{83C1B6EB-0C9F-4B45-AB40-9C2807C45CEC}.Release|Any CPU.Build.0 = Release|Any CPU
		{83C1B6EB-0C9F-4B45-AB40-9C2807C45CEC}.Release|x64.ActiveCfg = Release|Any CPU
		{83C1B6EB-0C9F-4B45-AB40-9C2807C45CEC}.Release|x64.Build.0 = Release|Any CPU
		{83C1B6EB-0C9F-4B45-AB40-9C2807C45CEC}.Release|x86.ActiveCfg = Release|Any CPU
		{83C1B6EB-0C9F-4B45-AB40-9C2807C45CEC}.Release|x86.Build.0 = Release|Any CPU
		{F8B663DE-E7A6-4E85-B058-208D699F69E6}.Debug|Any CPU.ActiveCfg = Debug|Any CPU
		{F8B663DE-E7A6-4E85-B058-208D699F69E6}.Debug|Any CPU.Build.0 = Debug|Any CPU
		{F8B663DE-E7A6-4E85-B058-208D699F69E6}.Debug|x64.ActiveCfg = Debug|Any CPU
		{F8B663DE-E7A6-4E85-B058-208D699F69E6}.Debug|x64.Build.0 = Debug|Any CPU
		{F8B663DE-E7A6-4E85-B058-208D699F69E6}.Debug|x86.ActiveCfg = Debug|Any CPU
		{F8B663DE-E7A6-4E85-B058-208D699F69E6}.Debug|x86.Build.0 = Debug|Any CPU
		{F8B663DE-E7A6-4E85-B058-208D699F69E6}.Release|Any CPU.ActiveCfg = Release|Any CPU
		{F8B663DE-E7A6-4E85-B058-208D699F69E6}.Release|Any CPU.Build.0 = Release|Any CPU
		{F8B663DE-E7A6-4E85-B058-208D699F69E6}.Release|x64.ActiveCfg = Release|Any CPU
		{F8B663DE-E7A6-4E85-B058-208D699F69E6}.Release|x64.Build.0 = Release|Any CPU
		{F8B663DE-E7A6-4E85-B058-208D699F69E6}.Release|x86.ActiveCfg = Release|Any CPU
		{F8B663DE-E7A6-4E85-B058-208D699F69E6}.Release|x86.Build.0 = Release|Any CPU
	EndGlobalSection
	GlobalSection(SolutionProperties) = preSolution
		HideSolutionNode = FALSE
	EndGlobalSection
	GlobalSection(NestedProjects) = preSolution
		{00DD8759-5C87-4EB4-9EAD-64CBB0861693} = {03BC615C-001A-44E7-88C4-BF3A9EA3DF0E}
		{25D4DFA2-492F-410C-B2C0-7B44E66A2744} = {03BC615C-001A-44E7-88C4-BF3A9EA3DF0E}
		{163899EE-DE92-4FA9-BBB7-46C1AE5154E3} = {03BC615C-001A-44E7-88C4-BF3A9EA3DF0E}
		{AB4D16D5-469A-4D79-859B-2117AC917577} = {C58FE823-65B0-498F-9F40-8685BAA85152}
		{F20CFB95-1FC1-4679-89E5-F99E8B42A10B} = {C58FE823-65B0-498F-9F40-8685BAA85152}
		{83C1B6EB-0C9F-4B45-AB40-9C2807C45CEC} = {03BC615C-001A-44E7-88C4-BF3A9EA3DF0E}
		{F8B663DE-E7A6-4E85-B058-208D699F69E6} = {C58FE823-65B0-498F-9F40-8685BAA85152}
	EndGlobalSection
	GlobalSection(ExtensibilityGlobals) = postSolution
		SolutionGuid = {D35C2DE1-197D-45AA-9D88-1060FF0AA91E}
	EndGlobalSection
EndGlobal
